
Microsoft Visual Studio Solution File, Format Version 12.00
# Visual Studio Version 16
VisualStudioVersion = 16.0.30611.23
MinimumVisualStudioVersion = 10.0.40219.1
Project("{9A19103F-16F7-4668-BE54-9A1E7A4F7556}") = "TokenStorageSingleton", "TokenStorageSingleton\TokenStorageSingleton.csproj", "{472F37F2-1338-44B6-980A-51E3D8D96F34}"
EndProject
Project("{FAE04EC0-301F-11D3-BF4B-00C04F79EFBC}") = "TokenStorageTests", "TokenStorageTests\TokenStorageTests.csproj", "{F95E1D1C-54FA-42C8-AB0E-80C7C33EA907}"
EndProject
Project("{FAE04EC0-301F-11D3-BF4B-00C04F79EFBC}") = "TestApi", "TestApi\TestApi.csproj", "{718737CB-3A2E-46A8-B9C3-9B1A76157956}"
EndProject
Global
	GlobalSection(SolutionConfigurationPlatforms) = preSolution
		Debug|Any CPU = Debug|Any CPU
		Release|Any CPU = Release|Any CPU
	EndGlobalSection
	GlobalSection(ProjectConfigurationPlatforms) = postSolution
		{472F37F2-1338-44B6-980A-51E3D8D96F34}.Debug|Any CPU.ActiveCfg = Debug|Any CPU
		{472F37F2-1338-44B6-980A-51E3D8D96F34}.Debug|Any CPU.Build.0 = Debug|Any CPU
		{472F37F2-1338-44B6-980A-51E3D8D96F34}.Release|Any CPU.ActiveCfg = Release|Any CPU
		{472F37F2-1338-44B6-980A-51E3D8D96F34}.Release|Any CPU.Build.0 = Release|Any CPU
		{F95E1D1C-54FA-42C8-AB0E-80C7C33EA907}.Debug|Any CPU.ActiveCfg = Debug|Any CPU
		{F95E1D1C-54FA-42C8-AB0E-80C7C33EA907}.Debug|Any CPU.Build.0 = Debug|Any CPU
		{F95E1D1C-54FA-42C8-AB0E-80C7C33EA907}.Release|Any CPU.ActiveCfg = Release|Any CPU
		{F95E1D1C-54FA-42C8-AB0E-80C7C33EA907}.Release|Any CPU.Build.0 = Release|Any CPU
		{718737CB-3A2E-46A8-B9C3-9B1A76157956}.Debug|Any CPU.ActiveCfg = Debug|Any CPU
		{718737CB-3A2E-46A8-B9C3-9B1A76157956}.Debug|Any CPU.Build.0 = Debug|Any CPU
		{718737CB-3A2E-46A8-B9C3-9B1A76157956}.Release|Any CPU.ActiveCfg = Release|Any CPU
		{718737CB-3A2E-46A8-B9C3-9B1A76157956}.Release|Any CPU.Build.0 = Release|Any CPU
	EndGlobalSection
	GlobalSection(SolutionProperties) = preSolution
		HideSolutionNode = FALSE
	EndGlobalSection
	GlobalSection(ExtensibilityGlobals) = postSolution
		SolutionGuid = {68D974B8-F946-40C0-8B62-9667AEC5765E}
	EndGlobalSection
EndGlobal
